
Microsoft Visual Studio Solution File, Format Version 12.00
# Visual Studio Version 17
VisualStudioVersion = 17.2.32616.157
MinimumVisualStudioVersion = 10.0.40219.1
Project("{FAE04EC0-301F-11D3-BF4B-00C04F79EFBC}") = "AddresBookSharp", "AddresBookSharp\AddresBookSharp.csproj", "{49EFAA41-1449-40AC-A536-AE356272856D}"
EndProject
Global
	GlobalSection(SolutionConfigurationPlatforms) = preSolution
		Debug|Any CPU = Debug|Any CPU
		Release|Any CPU = Release|Any CPU
	EndGlobalSection
	GlobalSection(ProjectConfigurationPlatforms) = postSolution
		{49EFAA41-1449-40AC-A536-AE356272856D}.Debug|Any CPU.ActiveCfg = Debug|Any CPU
		{49EFAA41-1449-40AC-A536-AE356272856D}.Debug|Any CPU.Build.0 = Debug|Any CPU
		{49EFAA41-1449-40AC-A536-AE356272856D}.Release|Any CPU.ActiveCfg = Release|Any CPU
		{49EFAA41-1449-40AC-A536-AE356272856D}.Release|Any CPU.Build.0 = Release|Any CPU
	EndGlobalSection
	GlobalSection(SolutionProperties) = preSolution
		HideSolutionNode = FALSE
	EndGlobalSection
	GlobalSection(ExtensibilityGlobals) = postSolution
		SolutionGuid = {7E9A1715-D9E0-4480-8BDA-0B286D6DA9A1}
	EndGlobalSection
EndGlobal
